
Microsoft Visual Studio Solution File, Format Version 12.00
# Visual Studio Version 17
VisualStudioVersion = 17.9.34728.123
MinimumVisualStudioVersion = 10.0.40219.1
Project("{2150E333-8FDC-42A3-9474-1A3956D46DE8}") = "src", "src", "{9214EE47-8E85-48FE-B916-BC93DBDBB52B}"
EndProject
Project("{2150E333-8FDC-42A3-9474-1A3956D46DE8}") = "test", "test", "{8667A8D6-4D39-42A5-9986-09EB697361B7}"
EndProject
Project("{9A19103F-16F7-4668-BE54-9A1E7A4F7556}") = "DistributedSystem.API", "src\DistributedSystem.API\DistributedSystem.API.csproj", "{2105E9F3-DB36-448F-8FFF-944AF1461250}"
EndProject
Project("{9A19103F-16F7-4668-BE54-9A1E7A4F7556}") = "DistributedSystem.Application", "src\DistributedSystem.Application\DistributedSystem.Application.csproj", "{724E7270-F4FE-44C5-A5FB-E2806856C01C}"
EndProject
Project("{9A19103F-16F7-4668-BE54-9A1E7A4F7556}") = "DistributedSystem.Domain", "src\DistributedSystem.Domain\DistributedSystem.Domain.csproj", "{6E05A85B-D68C-406B-88AA-20364BD465E9}"
EndProject
Project("{9A19103F-16F7-4668-BE54-9A1E7A4F7556}") = "DistributedSystem.Contract", "src\DistributedSystem.Contract\DistributedSystem.Contract.csproj", "{DFD41CAD-4742-4258-984F-69E67C25DDE5}"
EndProject
Project("{9A19103F-16F7-4668-BE54-9A1E7A4F7556}") = "DistributedSystem.Infrastructure", "DistributedSystem.Infrastructure\DistributedSystem.Infrastructure.csproj", "{FC79F980-0C08-4233-8CCC-C6F478FE2735}"
EndProject
Project("{9A19103F-16F7-4668-BE54-9A1E7A4F7556}") = "DistributedSystem.Persistence", "src\DistributedSystem.Persistence\DistributedSystem.Persistence.csproj", "{238D64A2-0FA6-4FD3-A832-BB5F5C0BACB0}"
EndProject
Project("{9A19103F-16F7-4668-BE54-9A1E7A4F7556}") = "DistributedSystem.Presentation", "src\DistributedSystem.Presentation\DistributedSystem.Presentation.csproj", "{F16322D8-8FD8-4594-9050-BFF2FF011F0A}"
EndProject
Project("{2150E333-8FDC-42A3-9474-1A3956D46DE8}") = "Command", "Command", "{B3EB7887-4A49-4C5A-B7A9-159299B774DD}"
EndProject
Project("{2150E333-8FDC-42A3-9474-1A3956D46DE8}") = "Contract", "Contract", "{45422A15-7638-4B4D-A6F2-4724C0C8FF77}"
EndProject
Project("{2150E333-8FDC-42A3-9474-1A3956D46DE8}") = "Query", "Query", "{DBEF1B3D-41B5-43F2-B807-EA31E0E44A8A}"
EndProject
Project("{2150E333-8FDC-42A3-9474-1A3956D46DE8}") = "ReverseProxy", "ReverseProxy", "{DC6A0FD1-107F-402D-A389-00ED78B9671E}"
EndProject
Project("{9A19103F-16F7-4668-BE54-9A1E7A4F7556}") = "Query.API", "src\Query\Query.API\Query.API.csproj", "{ACA5EBDA-9BCD-4E55-AF63-4DADCECEE122}"
EndProject
Project("{9A19103F-16F7-4668-BE54-9A1E7A4F7556}") = "Query.Application", "src\Query\Query.Application\Query.Application.csproj", "{15A32115-DF46-4971-879E-372C9C041CCE}"
EndProject
Project("{9A19103F-16F7-4668-BE54-9A1E7A4F7556}") = "Query.Domain", "src\Query\Query.Domain\Query.Domain.csproj", "{3D4DDB1A-96C2-4F74-BA32-84164766DF74}"
EndProject
Project("{9A19103F-16F7-4668-BE54-9A1E7A4F7556}") = "Query.Infrastructure", "src\Query\Query.Infrastructure\Query.Infrastructure.csproj", "{5C4C3E10-8719-4540-ABA6-4F4975BB4218}"
EndProject
Project("{9A19103F-16F7-4668-BE54-9A1E7A4F7556}") = "Query.Persistence", "src\Query\Query.Persistence\Query.Persistence.csproj", "{2B5F59CC-F427-4FF4-BF54-2D888754BB13}"
EndProject
Project("{9A19103F-16F7-4668-BE54-9A1E7A4F7556}") = "Query.Presentation", "src\Query\Query.Presentation\Query.Presentation.csproj", "{9C203857-3F7E-4484-8B4E-3AC128543CE7}"
EndProject
Project("{9A19103F-16F7-4668-BE54-9A1E7A4F7556}") = "ApiGateway", "src\ReverseProxy\ApiGateway\ApiGateway.csproj", "{F0E4CF81-3F77-44A5-A46A-E53F6F3A3597}"
EndProject
Project("{2150E333-8FDC-42A3-9474-1A3956D46DE8}") = "Authorization", "Authorization", "{7B68FDEB-A5EE-47A4-BB73-DD3E7E6ABF47}"
EndProject
Project("{9A19103F-16F7-4668-BE54-9A1E7A4F7556}") = "AuthorizationApi", "src\Authorization\AuthorizationApi\AuthorizationApi.csproj", "{B80566B8-85CC-4940-9834-1E9976C183D0}"
EndProject
Project("{2150E333-8FDC-42A3-9474-1A3956D46DE8}") = "Item", "Item", "{3CB82A57-42B0-4FC6-BF95-FB5F8863B319}"
	ProjectSection(SolutionItems) = preProject
		deploy.yaml = deploy.yaml
		docker-compose.override.yml = docker-compose.override.yml
		docker-compose.yml = docker-compose.yml
		TextFile1.txt = TextFile1.txt
	EndProjectSection
EndProject
Global
	GlobalSection(SolutionConfigurationPlatforms) = preSolution
		Debug|Any CPU = Debug|Any CPU
		Release|Any CPU = Release|Any CPU
	EndGlobalSection
	GlobalSection(ProjectConfigurationPlatforms) = postSolution
		{2105E9F3-DB36-448F-8FFF-944AF1461250}.Debug|Any CPU.ActiveCfg = Debug|Any CPU
		{2105E9F3-DB36-448F-8FFF-944AF1461250}.Debug|Any CPU.Build.0 = Debug|Any CPU
		{2105E9F3-DB36-448F-8FFF-944AF1461250}.Release|Any CPU.ActiveCfg = Release|Any CPU
		{2105E9F3-DB36-448F-8FFF-944AF1461250}.Release|Any CPU.Build.0 = Release|Any CPU
		{724E7270-F4FE-44C5-A5FB-E2806856C01C}.Debug|Any CPU.ActiveCfg = Debug|Any CPU
		{724E7270-F4FE-44C5-A5FB-E2806856C01C}.Debug|Any CPU.Build.0 = Debug|Any CPU
		{724E7270-F4FE-44C5-A5FB-E2806856C01C}.Release|Any CPU.ActiveCfg = Release|Any CPU
		{724E7270-F4FE-44C5-A5FB-E2806856C01C}.Release|Any CPU.Build.0 = Release|Any CPU
		{6E05A85B-D68C-406B-88AA-20364BD465E9}.Debug|Any CPU.ActiveCfg = Debug|Any CPU
		{6E05A85B-D68C-406B-88AA-20364BD465E9}.Debug|Any CPU.Build.0 = Debug|Any CPU
		{6E05A85B-D68C-406B-88AA-20364BD465E9}.Release|Any CPU.ActiveCfg = Release|Any CPU
		{6E05A85B-D68C-406B-88AA-20364BD465E9}.Release|Any CPU.Build.0 = Release|Any CPU
		{DFD41CAD-4742-4258-984F-69E67C25DDE5}.Debug|Any CPU.ActiveCfg = Debug|Any CPU
		{DFD41CAD-4742-4258-984F-69E67C25DDE5}.Debug|Any CPU.Build.0 = Debug|Any CPU
		{DFD41CAD-4742-4258-984F-69E67C25DDE5}.Release|Any CPU.ActiveCfg = Release|Any CPU
		{DFD41CAD-4742-4258-984F-69E67C25DDE5}.Release|Any CPU.Build.0 = Release|Any CPU
		{FC79F980-0C08-4233-8CCC-C6F478FE2735}.Debug|Any CPU.ActiveCfg = Debug|Any CPU
		{FC79F980-0C08-4233-8CCC-C6F478FE2735}.Debug|Any CPU.Build.0 = Debug|Any CPU
		{FC79F980-0C08-4233-8CCC-C6F478FE2735}.Release|Any CPU.ActiveCfg = Release|Any CPU
		{FC79F980-0C08-4233-8CCC-C6F478FE2735}.Release|Any CPU.Build.0 = Release|Any CPU
		{238D64A2-0FA6-4FD3-A832-BB5F5C0BACB0}.Debug|Any CPU.ActiveCfg = Debug|Any CPU
		{238D64A2-0FA6-4FD3-A832-BB5F5C0BACB0}.Debug|Any CPU.Build.0 = Debug|Any CPU
		{238D64A2-0FA6-4FD3-A832-BB5F5C0BACB0}.Release|Any CPU.ActiveCfg = Release|Any CPU
		{238D64A2-0FA6-4FD3-A832-BB5F5C0BACB0}.Release|Any CPU.Build.0 = Release|Any CPU
		{F16322D8-8FD8-4594-9050-BFF2FF011F0A}.Debug|Any CPU.ActiveCfg = Debug|Any CPU
		{F16322D8-8FD8-4594-9050-BFF2FF011F0A}.Debug|Any CPU.Build.0 = Debug|Any CPU
		{F16322D8-8FD8-4594-9050-BFF2FF011F0A}.Release|Any CPU.ActiveCfg = Release|Any CPU
		{F16322D8-8FD8-4594-9050-BFF2FF011F0A}.Release|Any CPU.Build.0 = Release|Any CPU
		{ACA5EBDA-9BCD-4E55-AF63-4DADCECEE122}.Debug|Any CPU.ActiveCfg = Debug|Any CPU
		{ACA5EBDA-9BCD-4E55-AF63-4DADCECEE122}.Debug|Any CPU.Build.0 = Debug|Any CPU
		{ACA5EBDA-9BCD-4E55-AF63-4DADCECEE122}.Release|Any CPU.ActiveCfg = Release|Any CPU
		{ACA5EBDA-9BCD-4E55-AF63-4DADCECEE122}.Release|Any CPU.Build.0 = Release|Any CPU
		{15A32115-DF46-4971-879E-372C9C041CCE}.Debug|Any CPU.ActiveCfg = Debug|Any CPU
		{15A32115-DF46-4971-879E-372C9C041CCE}.Debug|Any CPU.Build.0 = Debug|Any CPU
		{15A32115-DF46-4971-879E-372C9C041CCE}.Release|Any CPU.ActiveCfg = Release|Any CPU
		{15A32115-DF46-4971-879E-372C9C041CCE}.Release|Any CPU.Build.0 = Release|Any CPU
		{3D4DDB1A-96C2-4F74-BA32-84164766DF74}.Debug|Any CPU.ActiveCfg = Debug|Any CPU
		{3D4DDB1A-96C2-4F74-BA32-84164766DF74}.Debug|Any CPU.Build.0 = Debug|Any CPU
		{3D4DDB1A-96C2-4F74-BA32-84164766DF74}.Release|Any CPU.ActiveCfg = Release|Any CPU
		{3D4DDB1A-96C2-4F74-BA32-84164766DF74}.Release|Any CPU.Build.0 = Release|Any CPU
		{5C4C3E10-8719-4540-ABA6-4F4975BB4218}.Debug|Any CPU.ActiveCfg = Debug|Any CPU
		{5C4C3E10-8719-4540-ABA6-4F4975BB4218}.Debug|Any CPU.Build.0 = Debug|Any CPU
		{5C4C3E10-8719-4540-ABA6-4F4975BB4218}.Release|Any CPU.ActiveCfg = Release|Any CPU
		{5C4C3E10-8719-4540-ABA6-4F4975BB4218}.Release|Any CPU.Build.0 = Release|Any CPU
		{2B5F59CC-F427-4FF4-BF54-2D888754BB13}.Debug|Any CPU.ActiveCfg = Debug|Any CPU
		{2B5F59CC-F427-4FF4-BF54-2D888754BB13}.Debug|Any CPU.Build.0 = Debug|Any CPU
		{2B5F59CC-F427-4FF4-BF54-2D888754BB13}.Release|Any CPU.ActiveCfg = Release|Any CPU
		{2B5F59CC-F427-4FF4-BF54-2D888754BB13}.Release|Any CPU.Build.0 = Release|Any CPU
		{9C203857-3F7E-4484-8B4E-3AC128543CE7}.Debug|Any CPU.ActiveCfg = Debug|Any CPU
		{9C203857-3F7E-4484-8B4E-3AC128543CE7}.Debug|Any CPU.Build.0 = Debug|Any CPU
		{9C203857-3F7E-4484-8B4E-3AC128543CE7}.Release|Any CPU.ActiveCfg = Release|Any CPU
		{9C203857-3F7E-4484-8B4E-3AC128543CE7}.Release|Any CPU.Build.0 = Release|Any CPU
		{F0E4CF81-3F77-44A5-A46A-E53F6F3A3597}.Debug|Any CPU.ActiveCfg = Debug|Any CPU
		{F0E4CF81-3F77-44A5-A46A-E53F6F3A3597}.Debug|Any CPU.Build.0 = Debug|Any CPU
		{F0E4CF81-3F77-44A5-A46A-E53F6F3A3597}.Release|Any CPU.ActiveCfg = Release|Any CPU
		{F0E4CF81-3F77-44A5-A46A-E53F6F3A3597}.Release|Any CPU.Build.0 = Release|Any CPU
		{B80566B8-85CC-4940-9834-1E9976C183D0}.Debug|Any CPU.ActiveCfg = Debug|Any CPU
		{B80566B8-85CC-4940-9834-1E9976C183D0}.Debug|Any CPU.Build.0 = Debug|Any CPU
		{B80566B8-85CC-4940-9834-1E9976C183D0}.Release|Any CPU.ActiveCfg = Release|Any CPU
		{B80566B8-85CC-4940-9834-1E9976C183D0}.Release|Any CPU.Build.0 = Release|Any CPU
	EndGlobalSection
	GlobalSection(SolutionProperties) = preSolution
		HideSolutionNode = FALSE
	EndGlobalSection
	GlobalSection(NestedProjects) = preSolution
		{2105E9F3-DB36-448F-8FFF-944AF1461250} = {B3EB7887-4A49-4C5A-B7A9-159299B774DD}
		{724E7270-F4FE-44C5-A5FB-E2806856C01C} = {B3EB7887-4A49-4C5A-B7A9-159299B774DD}
		{6E05A85B-D68C-406B-88AA-20364BD465E9} = {B3EB7887-4A49-4C5A-B7A9-159299B774DD}
		{DFD41CAD-4742-4258-984F-69E67C25DDE5} = {45422A15-7638-4B4D-A6F2-4724C0C8FF77}
		{FC79F980-0C08-4233-8CCC-C6F478FE2735} = {B3EB7887-4A49-4C5A-B7A9-159299B774DD}
		{238D64A2-0FA6-4FD3-A832-BB5F5C0BACB0} = {B3EB7887-4A49-4C5A-B7A9-159299B774DD}
		{F16322D8-8FD8-4594-9050-BFF2FF011F0A} = {B3EB7887-4A49-4C5A-B7A9-159299B774DD}
		{B3EB7887-4A49-4C5A-B7A9-159299B774DD} = {9214EE47-8E85-48FE-B916-BC93DBDBB52B}
		{45422A15-7638-4B4D-A6F2-4724C0C8FF77} = {9214EE47-8E85-48FE-B916-BC93DBDBB52B}
		{DBEF1B3D-41B5-43F2-B807-EA31E0E44A8A} = {9214EE47-8E85-48FE-B916-BC93DBDBB52B}
		{DC6A0FD1-107F-402D-A389-00ED78B9671E} = {9214EE47-8E85-48FE-B916-BC93DBDBB52B}
		{ACA5EBDA-9BCD-4E55-AF63-4DADCECEE122} = {DBEF1B3D-41B5-43F2-B807-EA31E0E44A8A}
		{15A32115-DF46-4971-879E-372C9C041CCE} = {DBEF1B3D-41B5-43F2-B807-EA31E0E44A8A}
		{3D4DDB1A-96C2-4F74-BA32-84164766DF74} = {DBEF1B3D-41B5-43F2-B807-EA31E0E44A8A}
		{5C4C3E10-8719-4540-ABA6-4F4975BB4218} = {DBEF1B3D-41B5-43F2-B807-EA31E0E44A8A}
		{2B5F59CC-F427-4FF4-BF54-2D888754BB13} = {DBEF1B3D-41B5-43F2-B807-EA31E0E44A8A}
		{9C203857-3F7E-4484-8B4E-3AC128543CE7} = {DBEF1B3D-41B5-43F2-B807-EA31E0E44A8A}
		{F0E4CF81-3F77-44A5-A46A-E53F6F3A3597} = {DC6A0FD1-107F-402D-A389-00ED78B9671E}
		{7B68FDEB-A5EE-47A4-BB73-DD3E7E6ABF47} = {9214EE47-8E85-48FE-B916-BC93DBDBB52B}
		{B80566B8-85CC-4940-9834-1E9976C183D0} = {7B68FDEB-A5EE-47A4-BB73-DD3E7E6ABF47}
	EndGlobalSection
	GlobalSection(ExtensibilityGlobals) = postSolution
		SolutionGuid = {C52E3B3B-3D2C-4E06-B730-B83CED0F461A}
	EndGlobalSection
EndGlobal
